{
  "name": "TFLiteSample",
  "version": "0.0.1",
  "lockfileVersion": 1,
  "requires": true,
  "dependencies": {
    "@teachablemachine/image": {
      "version": "0.8.4",
      "resolved": "https://registry.npmjs.org/@teachablemachine/image/-/image-0.8.4.tgz",
      "integrity": "sha512-99zL9OjGHqfQSKR+VcHFSLE5EI93GKQhLfCrrLg0+VcfTA+1nJ4Zf6dKm51ugm8qUaPCa4Sbf8Qs4rkogOihaw==",
      "requires": {
        "autobind-decorator": "2.4.0",
        "seedrandom": "2.4.4"
      }
    },
    "autobind-decorator": {
      "version": "2.4.0",
      "resolved": "https://registry.npmjs.org/autobind-decorator/-/autobind-decorator-2.4.0.tgz",
      "integrity": "sha512-OGYhWUO72V6DafbF8PM8rm3EPbfuyMZcJhtm5/n26IDwO18pohE4eNazLoCGhPiXOCD0gEGmrbU3849QvM8bbw=="
    },
    "seedrandom": {
      "version": "2.4.4",
      "resolved": "https://registry.npmjs.org/seedrandom/-/seedrandom-2.4.4.tgz",
      "integrity": "sha512-9A+PDmgm+2du77B5i0Ip2cxOqqHjgNxnBgglxLcX78A2D6c2rTo61z4jnVABpF4cKeDMDG+cmXXvdnqse2VqMA=="
    },
    "tflite-react-native": {
      "version": "0.0.5",
      "resolved": "https://registry.npmjs.org/tflite-react-native/-/tflite-react-native-0.0.5.tgz",
      "integrity": "sha512-aBajq5yQQ8UiB92tIk+v9BIKZTFGwCTHegfefISgnXwqPiPAAvKhdX6Vb80kJFPTUjXB53w/NZQT9qCyVBYMyA=="
    }
  }
}
